
Microsoft Visual Studio Solution File, Format Version 12.00
# Visual Studio 14
VisualStudioVersion = 14.0.23107.0
MinimumVisualStudioVersion = 10.0.40219.1
Project("{FAE04EC0-301F-11D3-BF4B-00C04F79EFBC}") = "TryCatchFail.Web", "TryCatchFail.Web\TryCatchFail.Web.csproj", "{761D9DEA-EC89-4E41-AE7C-9B19B9DA2296}"
EndProject
Global
	GlobalSection(SolutionConfigurationPlatforms) = preSolution
		Debug|Any CPU = Debug|Any CPU
		Release|Any CPU = Release|Any CPU
	EndGlobalSection
	GlobalSection(ProjectConfigurationPlatforms) = postSolution
		{761D9DEA-EC89-4E41-AE7C-9B19B9DA2296}.Debug|Any CPU.ActiveCfg = Debug|Any CPU
		{761D9DEA-EC89-4E41-AE7C-9B19B9DA2296}.Debug|Any CPU.Build.0 = Debug|Any CPU
		{761D9DEA-EC89-4E41-AE7C-9B19B9DA2296}.Release|Any CPU.ActiveCfg = Release|Any CPU
		{761D9DEA-EC89-4E41-AE7C-9B19B9DA2296}.Release|Any CPU.Build.0 = Release|Any CPU
	EndGlobalSection
	GlobalSection(SolutionProperties) = preSolution
		HideSolutionNode = FALSE
	EndGlobalSection
EndGlobal
